
Microsoft Visual Studio Solution File, Format Version 12.00
# Visual Studio Version 17
VisualStudioVersion = 17.0.31903.59
MinimumVisualStudioVersion = 10.0.40219.1
Project("{2150E333-8FDC-42A3-9474-1A3956D46DE8}") = "src", "src", "{AC00D9D0-5872-4B45-BFE8-0C66DA72B895}"
EndProject
Project("{FAE04EC0-301F-11D3-BF4B-00C04F79EFBC}") = "CalloraVoipSdk.Core", "src\Core\CalloraVoipSdk.Core.csproj", "{0CE458ED-CFE6-4662-B69E-3B8E62B623DD}"
EndProject
Project("{FAE04EC0-301F-11D3-BF4B-00C04F79EFBC}") = "CalloraVoipSdk.Client", "src\Client\CalloraVoipSdk.Client.csproj", "{04A51DD8-954E-481C-A6B2-4BD47A48562B}"
EndProject
Project("{2150E333-8FDC-42A3-9474-1A3956D46DE8}") = "Audio", "Audio", "{B6F963DB-52B9-49E4-9344-25640DEA9F66}"
EndProject
Project("{FAE04EC0-301F-11D3-BF4B-00C04F79EFBC}") = "CalloraVoipSdk.Audio.Abstractions", "src\Audio\Abstractions\CalloraVoipSdk.Audio.Abstractions.csproj", "{9B0348A4-E5F6-44CE-A6AC-1ADA87E27673}"
EndProject
Project("{FAE04EC0-301F-11D3-BF4B-00C04F79EFBC}") = "CalloraVoipSdk.Audio.Headless", "src\Audio\Headless\CalloraVoipSdk.Audio.Headless.csproj", "{F2C8A42B-8A99-4B31-8B79-685C4371C6A5}"
EndProject
Project("{FAE04EC0-301F-11D3-BF4B-00C04F79EFBC}") = "CalloraVoipSdk.Audio.Linux", "src\Audio\Linux\CalloraVoipSdk.Audio.Linux.csproj", "{2EDEF8CC-465B-4ACC-BAEA-01A0978A5580}"
EndProject
Project("{FAE04EC0-301F-11D3-BF4B-00C04F79EFBC}") = "CalloraVoipSdk.Audio.Windows", "src\Audio\Windows\CalloraVoipSdk.Audio.Windows.csproj", "{CB223019-3391-4BAD-935A-21E1FFA6302D}"
EndProject
Project("{2150E333-8FDC-42A3-9474-1A3956D46DE8}") = "tests", "tests", "{5BDBFD67-6DBF-4248-8DFC-4F6B27F39DB2}"
EndProject
Project("{FAE04EC0-301F-11D3-BF4B-00C04F79EFBC}") = "CalloraVoipSdk.Audio.Tests", "tests\CalloraVoipSdk.Audio.Tests\CalloraVoipSdk.Audio.Tests.csproj", "{9AC69DCC-6CD9-4A31-A9CC-9C64F7BC6BE6}"
EndProject
Project("{FAE04EC0-301F-11D3-BF4B-00C04F79EFBC}") = "CalloraVoipSdk.Core.IntegrationTests", "tests\CalloraVoipSdk.Core.IntegrationTests\CalloraVoipSdk.Core.IntegrationTests.csproj", "{D3B2F898-308A-40C9-A0E5-C2DD5FA5E9B7}"
EndProject
Project("{2150E333-8FDC-42A3-9474-1A3956D46DE8}") = "perf", "perf", "{97B4AC1C-2B73-4468-885E-42A50FEF5219}"
EndProject
Project("{FAE04EC0-301F-11D3-BF4B-00C04F79EFBC}") = "CalloraVoipSdk.Core.Performance", "perf\CalloraVoipSdk.Core.Performance\CalloraVoipSdk.Core.Performance.csproj", "{5DDCF847-301A-4A68-8572-D2F4EBBE7972}"
EndProject
Project("{FAE04EC0-301F-11D3-BF4B-00C04F79EFBC}") = "CalloraVoipSdk.Media.Performance", "perf\CalloraVoipSdk.Media.Performance\CalloraVoipSdk.Media.Performance.csproj", "{8F95D246-ABE5-4174-8AD8-B53298CBBF8B}"
EndProject
Project("{FAE04EC0-301F-11D3-BF4B-00C04F79EFBC}") = "CalloraVoipSdk", "src\CalloraVoipSdk\CalloraVoipSdk.csproj", "{DD366B5E-E8B1-4190-9606-7E2C80A724B1}"
EndProject
Project("{FAE04EC0-301F-11D3-BF4B-00C04F79EFBC}") = "CalloraVoipSdk.Client.Tests", "tests\CalloraVoipSdk.Client.Tests\CalloraVoipSdk.Client.Tests.csproj", "{47D94887-B9F0-4F33-B198-924ABD2D77C4}"
EndProject
Project("{FAE04EC0-301F-11D3-BF4B-00C04F79EFBC}") = "CalloraVoipSdk.ArchitectureTests", "tests\CalloraVoipSdk.ArchitectureTests\CalloraVoipSdk.ArchitectureTests.csproj", "{317F212E-C4D2-4C0E-9A51-948FB421F776}"
EndProject
Project("{2150E333-8FDC-42A3-9474-1A3956D46DE8}") = "examples", "examples", "{B36A84DF-456D-A817-6EDD-3EC3E7F6E11F}"
EndProject
Project("{FAE04EC0-301F-11D3-BF4B-00C04F79EFBC}") = "CalloraVoipSdk.Sample.BasicCalling", "examples\CalloraVoipSdk.Sample.BasicCalling\CalloraVoipSdk.Sample.BasicCalling.csproj", "{A4926B4E-F30A-4399-95AF-73CCA0DEF89F}"
EndProject
Project("{FAE04EC0-301F-11D3-BF4B-00C04F79EFBC}") = "CalloraVoipSdk.Sample.CustomAudio", "examples\CalloraVoipSdk.Sample.CustomAudio\CalloraVoipSdk.Sample.CustomAudio.csproj", "{3C0D627D-DB1C-409F-BC2E-66EA6BFFA77B}"
EndProject
Project("{FAE04EC0-301F-11D3-BF4B-00C04F79EFBC}") = "CalloraVoipSdk.Sample.Dialer", "examples\CalloraVoipSdk.Sample.Dialer\CalloraVoipSdk.Sample.Dialer.csproj", "{921A20B2-C33F-4DBD-B6ED-D3F8FA0CAC56}"
EndProject
Project("{FAE04EC0-301F-11D3-BF4B-00C04F79EFBC}") = "CalloraVoipSdk.Sample.Transfer", "examples\CalloraVoipSdk.Sample.Transfer\CalloraVoipSdk.Sample.Transfer.csproj", "{AC4EE6AB-AA0B-4191-9DD8-D5E42A11B5C9}"
EndProject
Project("{FAE04EC0-301F-11D3-BF4B-00C04F79EFBC}") = "CalloraVoipSdk.Sample.Switchboard", "examples\CalloraVoipSdk.Sample.Switchboard\CalloraVoipSdk.Sample.Switchboard.csproj", "{E97B5841-9CF0-4432-B797-B9E6F71A2FA8}"
EndProject
Project("{FAE04EC0-301F-11D3-BF4B-00C04F79EFBC}") = "CalloraVoipSdk.Sample.VideoCalling", "examples\CalloraVoipSdk.Sample.VideoCalling\CalloraVoipSdk.Sample.VideoCalling.csproj", "{8E2C9224-D5C1-4384-9C00-74B87F46A7E6}"
EndProject
Project("{2150E333-8FDC-42A3-9474-1A3956D46DE8}") = "Client", "Client", "{1241BB1B-3960-7FD8-FCBE-51099D807ED6}"
EndProject
Project("{2150E333-8FDC-42A3-9474-1A3956D46DE8}") = "Core", "Core", "{C4021C6B-727A-FD1D-B832-AFC6F1B1817C}"
EndProject
Project("{2150E333-8FDC-42A3-9474-1A3956D46DE8}") = "Abstractions", "Abstractions", "{8A41C6D8-B1FE-8D72-0320-FFE571EFE88B}"
EndProject
Project("{2150E333-8FDC-42A3-9474-1A3956D46DE8}") = "Headless", "Headless", "{706E5589-82BA-6B0E-B939-BC50A46F673A}"
EndProject
Global
	GlobalSection(SolutionConfigurationPlatforms) = preSolution
		Debug|Any CPU = Debug|Any CPU
		Debug|x64 = Debug|x64
		Debug|x86 = Debug|x86
		Release|Any CPU = Release|Any CPU
		Release|x64 = Release|x64
		Release|x86 = Release|x86
	EndGlobalSection
	GlobalSection(ProjectConfigurationPlatforms) = postSolution
		{0CE458ED-CFE6-4662-B69E-3B8E62B623DD}.Debug|Any CPU.ActiveCfg = Debug|Any CPU
		{0CE458ED-CFE6-4662-B69E-3B8E62B623DD}.Debug|Any CPU.Build.0 = Debug|Any CPU
		{0CE458ED-CFE6-4662-B69E-3B8E62B623DD}.Debug|x64.ActiveCfg = Debug|Any CPU
		{0CE458ED-CFE6-4662-B69E-3B8E62B623DD}.Debug|x64.Build.0 = Debug|Any CPU
		{0CE458ED-CFE6-4662-B69E-3B8E62B623DD}.Debug|x86.ActiveCfg = Debug|Any CPU
		{0CE458ED-CFE6-4662-B69E-3B8E62B623DD}.Debug|x86.Build.0 = Debug|Any CPU
		{0CE458ED-CFE6-4662-B69E-3B8E62B623DD}.Release|Any CPU.ActiveCfg = Release|Any CPU
		{0CE458ED-CFE6-4662-B69E-3B8E62B623DD}.Release|Any CPU.Build.0 = Release|Any CPU
		{0CE458ED-CFE6-4662-B69E-3B8E62B623DD}.Release|x64.ActiveCfg = Release|Any CPU
		{0CE458ED-CFE6-4662-B69E-3B8E62B623DD}.Release|x64.Build.0 = Release|Any CPU
		{0CE458ED-CFE6-4662-B69E-3B8E62B623DD}.Release|x86.ActiveCfg = Release|Any CPU
		{0CE458ED-CFE6-4662-B69E-3B8E62B623DD}.Release|x86.Build.0 = Release|Any CPU
		{04A51DD8-954E-481C-A6B2-4BD47A48562B}.Debug|Any CPU.ActiveCfg = Debug|Any CPU
		{04A51DD8-954E-481C-A6B2-4BD47A48562B}.Debug|Any CPU.Build.0 = Debug|Any CPU
		{04A51DD8-954E-481C-A6B2-4BD47A48562B}.Debug|x64.ActiveCfg = Debug|Any CPU
		{04A51DD8-954E-481C-A6B2-4BD47A48562B}.Debug|x64.Build.0 = Debug|Any CPU
		{04A51DD8-954E-481C-A6B2-4BD47A48562B}.Debug|x86.ActiveCfg = Debug|Any CPU
		{04A51DD8-954E-481C-A6B2-4BD47A48562B}.Debug|x86.Build.0 = Debug|Any CPU
		{04A51DD8-954E-481C-A6B2-4BD47A48562B}.Release|Any CPU.ActiveCfg = Release|Any CPU
		{04A51DD8-954E-481C-A6B2-4BD47A48562B}.Release|Any CPU.Build.0 = Release|Any CPU
		{04A51DD8-954E-481C-A6B2-4BD47A48562B}.Release|x64.ActiveCfg = Release|Any CPU
		{04A51DD8-954E-481C-A6B2-4BD47A48562B}.Release|x64.Build.0 = Release|Any CPU
		{04A51DD8-954E-481C-A6B2-4BD47A48562B}.Release|x86.ActiveCfg = Release|Any CPU
		{04A51DD8-954E-481C-A6B2-4BD47A48562B}.Release|x86.Build.0 = Release|Any CPU
		{9B0348A4-E5F6-44CE-A6AC-1ADA87E27673}.Debug|Any CPU.ActiveCfg = Debug|Any CPU
		{9B0348A4-E5F6-44CE-A6AC-1ADA87E27673}.Debug|Any CPU.Build.0 = Debug|Any CPU
		{9B0348A4-E5F6-44CE-A6AC-1ADA87E27673}.Debug|x64.ActiveCfg = Debug|Any CPU
		{9B0348A4-E5F6-44CE-A6AC-1ADA87E27673}.Debug|x64.Build.0 = Debug|Any CPU
		{9B0348A4-E5F6-44CE-A6AC-1ADA87E27673}.Debug|x86.ActiveCfg = Debug|Any CPU
		{9B0348A4-E5F6-44CE-A6AC-1ADA87E27673}.Debug|x86.Build.0 = Debug|Any CPU
		{9B0348A4-E5F6-44CE-A6AC-1ADA87E27673}.Release|Any CPU.ActiveCfg = Release|Any CPU
		{9B0348A4-E5F6-44CE-A6AC-1ADA87E27673}.Release|Any CPU.Build.0 = Release|Any CPU
		{9B0348A4-E5F6-44CE-A6AC-1ADA87E27673}.Release|x64.ActiveCfg = Release|Any CPU
		{9B0348A4-E5F6-44CE-A6AC-1ADA87E27673}.Release|x64.Build.0 = Release|Any CPU
		{9B0348A4-E5F6-44CE-A6AC-1ADA87E27673}.Release|x86.ActiveCfg = Release|Any CPU
		{9B0348A4-E5F6-44CE-A6AC-1ADA87E27673}.Release|x86.Build.0 = Release|Any CPU
		{F2C8A42B-8A99-4B31-8B79-685C4371C6A5}.Debug|Any CPU.ActiveCfg = Debug|Any CPU
		{F2C8A42B-8A99-4B31-8B79-685C4371C6A5}.Debug|Any CPU.Build.0 = Debug|Any CPU
		{F2C8A42B-8A99-4B31-8B79-685C4371C6A5}.Debug|x64.ActiveCfg = Debug|Any CPU
		{F2C8A42B-8A99-4B31-8B79-685C4371C6A5}.Debug|x64.Build.0 = Debug|Any CPU
		{F2C8A42B-8A99-4B31-8B79-685C4371C6A5}.Debug|x86.ActiveCfg = Debug|Any CPU
		{F2C8A42B-8A99-4B31-8B79-685C4371C6A5}.Debug|x86.Build.0 = Debug|Any CPU
		{F2C8A42B-8A99-4B31-8B79-685C4371C6A5}.Release|Any CPU.ActiveCfg = Release|Any CPU
		{F2C8A42B-8A99-4B31-8B79-685C4371C6A5}.Release|Any CPU.Build.0 = Release|Any CPU
		{F2C8A42B-8A99-4B31-8B79-685C4371C6A5}.Release|x64.ActiveCfg = Release|Any CPU
		{F2C8A42B-8A99-4B31-8B79-685C4371C6A5}.Release|x64.Build.0 = Release|Any CPU
		{F2C8A42B-8A99-4B31-8B79-685C4371C6A5}.Release|x86.ActiveCfg = Release|Any CPU
		{F2C8A42B-8A99-4B31-8B79-685C4371C6A5}.Release|x86.Build.0 = Release|Any CPU
		{2EDEF8CC-465B-4ACC-BAEA-01A0978A5580}.Debug|Any CPU.ActiveCfg = Debug|Any CPU
		{2EDEF8CC-465B-4ACC-BAEA-01A0978A5580}.Debug|Any CPU.Build.0 = Debug|Any CPU
		{2EDEF8CC-465B-4ACC-BAEA-01A0978A5580}.Debug|x64.ActiveCfg = Debug|Any CPU
		{2EDEF8CC-465B-4ACC-BAEA-01A0978A5580}.Debug|x64.Build.0 = Debug|Any CPU
		{2EDEF8CC-465B-4ACC-BAEA-01A0978A5580}.Debug|x86.ActiveCfg = Debug|Any CPU
		{2EDEF8CC-465B-4ACC-BAEA-01A0978A5580}.Debug|x86.Build.0 = Debug|Any CPU
		{2EDEF8CC-465B-4ACC-BAEA-01A0978A5580}.Release|Any CPU.ActiveCfg = Release|Any CPU
		{2EDEF8CC-465B-4ACC-BAEA-01A0978A5580}.Release|Any CPU.Build.0 = Release|Any CPU
		{2EDEF8CC-465B-4ACC-BAEA-01A0978A5580}.Release|x64.ActiveCfg = Release|Any CPU
		{2EDEF8CC-465B-4ACC-BAEA-01A0978A5580}.Release|x64.Build.0 = Release|Any CPU
		{2EDEF8CC-465B-4ACC-BAEA-01A0978A5580}.Release|x86.ActiveCfg = Release|Any CPU
		{2EDEF8CC-465B-4ACC-BAEA-01A0978A5580}.Release|x86.Build.0 = Release|Any CPU
		{CB223019-3391-4BAD-935A-21E1FFA6302D}.Debug|Any CPU.ActiveCfg = Debug|Any CPU
		{CB223019-3391-4BAD-935A-21E1FFA6302D}.Debug|Any CPU.Build.0 = Debug|Any CPU
		{CB223019-3391-4BAD-935A-21E1FFA6302D}.Debug|x64.ActiveCfg = Debug|Any CPU
		{CB223019-3391-4BAD-935A-21E1FFA6302D}.Debug|x64.Build.0 = Debug|Any CPU
		{CB223019-3391-4BAD-935A-21E1FFA6302D}.Debug|x86.ActiveCfg = Debug|Any CPU
		{CB223019-3391-4BAD-935A-21E1FFA6302D}.Debug|x86.Build.0 = Debug|Any CPU
		{CB223019-3391-4BAD-935A-21E1FFA6302D}.Release|Any CPU.ActiveCfg = Release|Any CPU
		{CB223019-3391-4BAD-935A-21E1FFA6302D}.Release|Any CPU.Build.0 = Release|Any CPU
		{CB223019-3391-4BAD-935A-21E1FFA6302D}.Release|x64.ActiveCfg = Release|Any CPU
		{CB223019-3391-4BAD-935A-21E1FFA6302D}.Release|x64.Build.0 = Release|Any CPU
		{CB223019-3391-4BAD-935A-21E1FFA6302D}.Release|x86.ActiveCfg = Release|Any CPU
		{CB223019-3391-4BAD-935A-21E1FFA6302D}.Release|x86.Build.0 = Release|Any CPU
		{9AC69DCC-6CD9-4A31-A9CC-9C64F7BC6BE6}.Debug|Any CPU.ActiveCfg = Debug|Any CPU
		{9AC69DCC-6CD9-4A31-A9CC-9C64F7BC6BE6}.Debug|Any CPU.Build.0 = Debug|Any CPU
		{9AC69DCC-6CD9-4A31-A9CC-9C64F7BC6BE6}.Debug|x64.ActiveCfg = Debug|Any CPU
		{9AC69DCC-6CD9-4A31-A9CC-9C64F7BC6BE6}.Debug|x64.Build.0 = Debug|Any CPU
		{9AC69DCC-6CD9-4A31-A9CC-9C64F7BC6BE6}.Debug|x86.ActiveCfg = Debug|Any CPU
		{9AC69DCC-6CD9-4A31-A9CC-9C64F7BC6BE6}.Debug|x86.Build.0 = Debug|Any CPU
		{9AC69DCC-6CD9-4A31-A9CC-9C64F7BC6BE6}.Release|Any CPU.ActiveCfg = Release|Any CPU
		{9AC69DCC-6CD9-4A31-A9CC-9C64F7BC6BE6}.Release|Any CPU.Build.0 = Release|Any CPU
		{9AC69DCC-6CD9-4A31-A9CC-9C64F7BC6BE6}.Release|x64.ActiveCfg = Release|Any CPU
		{9AC69DCC-6CD9-4A31-A9CC-9C64F7BC6BE6}.Release|x64.Build.0 = Release|Any CPU
		{9AC69DCC-6CD9-4A31-A9CC-9C64F7BC6BE6}.Release|x86.ActiveCfg = Release|Any CPU
		{9AC69DCC-6CD9-4A31-A9CC-9C64F7BC6BE6}.Release|x86.Build.0 = Release|Any CPU
		{D3B2F898-308A-40C9-A0E5-C2DD5FA5E9B7}.Debug|Any CPU.ActiveCfg = Debug|Any CPU
		{D3B2F898-308A-40C9-A0E5-C2DD5FA5E9B7}.Debug|Any CPU.Build.0 = Debug|Any CPU
		{D3B2F898-308A-40C9-A0E5-C2DD5FA5E9B7}.Debug|x64.ActiveCfg = Debug|Any CPU
		{D3B2F898-308A-40C9-A0E5-C2DD5FA5E9B7}.Debug|x64.Build.0 = Debug|Any CPU
		{D3B2F898-308A-40C9-A0E5-C2DD5FA5E9B7}.Debug|x86.ActiveCfg = Debug|Any CPU
		{D3B2F898-308A-40C9-A0E5-C2DD5FA5E9B7}.Debug|x86.Build.0 = Debug|Any CPU
		{D3B2F898-308A-40C9-A0E5-C2DD5FA5E9B7}.Release|Any CPU.ActiveCfg = Release|Any CPU
		{D3B2F898-308A-40C9-A0E5-C2DD5FA5E9B7}.Release|Any CPU.Build.0 = Release|Any CPU
		{D3B2F898-308A-40C9-A0E5-C2DD5FA5E9B7}.Release|x64.ActiveCfg = Release|Any CPU
		{D3B2F898-308A-40C9-A0E5-C2DD5FA5E9B7}.Release|x64.Build.0 = Release|Any CPU
		{D3B2F898-308A-40C9-A0E5-C2DD5FA5E9B7}.Release|x86.ActiveCfg = Release|Any CPU
		{D3B2F898-308A-40C9-A0E5-C2DD5FA5E9B7}.Release|x86.Build.0 = Release|Any CPU
		{5DDCF847-301A-4A68-8572-D2F4EBBE7972}.Debug|Any CPU.ActiveCfg = Debug|Any CPU
		{5DDCF847-301A-4A68-8572-D2F4EBBE7972}.Debug|Any CPU.Build.0 = Debug|Any CPU
		{5DDCF847-301A-4A68-8572-D2F4EBBE7972}.Debug|x64.ActiveCfg = Debug|Any CPU
		{5DDCF847-301A-4A68-8572-D2F4EBBE7972}.Debug|x64.Build.0 = Debug|Any CPU
		{5DDCF847-301A-4A68-8572-D2F4EBBE7972}.Debug|x86.ActiveCfg = Debug|Any CPU
		{5DDCF847-301A-4A68-8572-D2F4EBBE7972}.Debug|x86.Build.0 = Debug|Any CPU
		{5DDCF847-301A-4A68-8572-D2F4EBBE7972}.Release|Any CPU.ActiveCfg = Release|Any CPU
		{5DDCF847-301A-4A68-8572-D2F4EBBE7972}.Release|Any CPU.Build.0 = Release|Any CPU
		{5DDCF847-301A-4A68-8572-D2F4EBBE7972}.Release|x64.ActiveCfg = Release|Any CPU
		{5DDCF847-301A-4A68-8572-D2F4EBBE7972}.Release|x64.Build.0 = Release|Any CPU
		{5DDCF847-301A-4A68-8572-D2F4EBBE7972}.Release|x86.ActiveCfg = Release|Any CPU
		{5DDCF847-301A-4A68-8572-D2F4EBBE7972}.Release|x86.Build.0 = Release|Any CPU
		{8F95D246-ABE5-4174-8AD8-B53298CBBF8B}.Debug|Any CPU.ActiveCfg = Debug|Any CPU
		{8F95D246-ABE5-4174-8AD8-B53298CBBF8B}.Debug|Any CPU.Build.0 = Debug|Any CPU
		{8F95D246-ABE5-4174-8AD8-B53298CBBF8B}.Debug|x64.ActiveCfg = Debug|Any CPU
		{8F95D246-ABE5-4174-8AD8-B53298CBBF8B}.Debug|x64.Build.0 = Debug|Any CPU
		{8F95D246-ABE5-4174-8AD8-B53298CBBF8B}.Debug|x86.ActiveCfg = Debug|Any CPU
		{8F95D246-ABE5-4174-8AD8-B53298CBBF8B}.Debug|x86.Build.0 = Debug|Any CPU
		{8F95D246-ABE5-4174-8AD8-B53298CBBF8B}.Release|Any CPU.ActiveCfg = Release|Any CPU
		{8F95D246-ABE5-4174-8AD8-B53298CBBF8B}.Release|Any CPU.Build.0 = Release|Any CPU
		{8F95D246-ABE5-4174-8AD8-B53298CBBF8B}.Release|x64.ActiveCfg = Release|Any CPU
		{8F95D246-ABE5-4174-8AD8-B53298CBBF8B}.Release|x64.Build.0 = Release|Any CPU
		{8F95D246-ABE5-4174-8AD8-B53298CBBF8B}.Release|x86.ActiveCfg = Release|Any CPU
		{8F95D246-ABE5-4174-8AD8-B53298CBBF8B}.Release|x86.Build.0 = Release|Any CPU
		{DD366B5E-E8B1-4190-9606-7E2C80A724B1}.Debug|Any CPU.ActiveCfg = Debug|Any CPU
		{DD366B5E-E8B1-4190-9606-7E2C80A724B1}.Debug|Any CPU.Build.0 = Debug|Any CPU
		{DD366B5E-E8B1-4190-9606-7E2C80A724B1}.Debug|x64.ActiveCfg = Debug|Any CPU
		{DD366B5E-E8B1-4190-9606-7E2C80A724B1}.Debug|x64.Build.0 = Debug|Any CPU
		{DD366B5E-E8B1-4190-9606-7E2C80A724B1}.Debug|x86.ActiveCfg = Debug|Any CPU
		{DD366B5E-E8B1-4190-9606-7E2C80A724B1}.Debug|x86.Build.0 = Debug|Any CPU
		{DD366B5E-E8B1-4190-9606-7E2C80A724B1}.Release|Any CPU.ActiveCfg = Release|Any CPU
		{DD366B5E-E8B1-4190-9606-7E2C80A724B1}.Release|Any CPU.Build.0 = Release|Any CPU
		{DD366B5E-E8B1-4190-9606-7E2C80A724B1}.Release|x64.ActiveCfg = Release|Any CPU
		{DD366B5E-E8B1-4190-9606-7E2C80A724B1}.Release|x64.Build.0 = Release|Any CPU
		{DD366B5E-E8B1-4190-9606-7E2C80A724B1}.Release|x86.ActiveCfg = Release|Any CPU
		{DD366B5E-E8B1-4190-9606-7E2C80A724B1}.Release|x86.Build.0 = Release|Any CPU
		{47D94887-B9F0-4F33-B198-924ABD2D77C4}.Debug|Any CPU.ActiveCfg = Debug|Any CPU
		{47D94887-B9F0-4F33-B198-924ABD2D77C4}.Debug|Any CPU.Build.0 = Debug|Any CPU
		{47D94887-B9F0-4F33-B198-924ABD2D77C4}.Debug|x64.ActiveCfg = Debug|Any CPU
		{47D94887-B9F0-4F33-B198-924ABD2D77C4}.Debug|x64.Build.0 = Debug|Any CPU
		{47D94887-B9F0-4F33-B198-924ABD2D77C4}.Debug|x86.ActiveCfg = Debug|Any CPU
		{47D94887-B9F0-4F33-B198-924ABD2D77C4}.Debug|x86.Build.0 = Debug|Any CPU
		{47D94887-B9F0-4F33-B198-924ABD2D77C4}.Release|Any CPU.ActiveCfg = Release|Any CPU
		{47D94887-B9F0-4F33-B198-924ABD2D77C4}.Release|Any CPU.Build.0 = Release|Any CPU
		{47D94887-B9F0-4F33-B198-924ABD2D77C4}.Release|x64.ActiveCfg = Release|Any CPU
		{47D94887-B9F0-4F33-B198-924ABD2D77C4}.Release|x64.Build.0 = Release|Any CPU
		{47D94887-B9F0-4F33-B198-924ABD2D77C4}.Release|x86.ActiveCfg = Release|Any CPU
		{47D94887-B9F0-4F33-B198-924ABD2D77C4}.Release|x86.Build.0 = Release|Any CPU
		{317F212E-C4D2-4C0E-9A51-948FB421F776}.Debug|Any CPU.ActiveCfg = Debug|Any CPU
		{317F212E-C4D2-4C0E-9A51-948FB421F776}.Debug|Any CPU.Build.0 = Debug|Any CPU
		{317F212E-C4D2-4C0E-9A51-948FB421F776}.Debug|x64.ActiveCfg = Debug|Any CPU
		{317F212E-C4D2-4C0E-9A51-948FB421F776}.Debug|x64.Build.0 = Debug|Any CPU
		{317F212E-C4D2-4C0E-9A51-948FB421F776}.Debug|x86.ActiveCfg = Debug|Any CPU
		{317F212E-C4D2-4C0E-9A51-948FB421F776}.Debug|x86.Build.0 = Debug|Any CPU
		{317F212E-C4D2-4C0E-9A51-948FB421F776}.Release|Any CPU.ActiveCfg = Release|Any CPU
		{317F212E-C4D2-4C0E-9A51-948FB421F776}.Release|Any CPU.Build.0 = Release|Any CPU
		{317F212E-C4D2-4C0E-9A51-948FB421F776}.Release|x64.ActiveCfg = Release|Any CPU
		{317F212E-C4D2-4C0E-9A51-948FB421F776}.Release|x64.Build.0 = Release|Any CPU
		{317F212E-C4D2-4C0E-9A51-948FB421F776}.Release|x86.ActiveCfg = Release|Any CPU
		{317F212E-C4D2-4C0E-9A51-948FB421F776}.Release|x86.Build.0 = Release|Any CPU
		{A4926B4E-F30A-4399-95AF-73CCA0DEF89F}.Debug|Any CPU.ActiveCfg = Debug|Any CPU
		{A4926B4E-F30A-4399-95AF-73CCA0DEF89F}.Debug|Any CPU.Build.0 = Debug|Any CPU
		{A4926B4E-F30A-4399-95AF-73CCA0DEF89F}.Debug|x64.ActiveCfg = Debug|Any CPU
		{A4926B4E-F30A-4399-95AF-73CCA0DEF89F}.Debug|x64.Build.0 = Debug|Any CPU
		{A4926B4E-F30A-4399-95AF-73CCA0DEF89F}.Debug|x86.ActiveCfg = Debug|Any CPU
		{A4926B4E-F30A-4399-95AF-73CCA0DEF89F}.Debug|x86.Build.0 = Debug|Any CPU
		{A4926B4E-F30A-4399-95AF-73CCA0DEF89F}.Release|Any CPU.ActiveCfg = Release|Any CPU
		{A4926B4E-F30A-4399-95AF-73CCA0DEF89F}.Release|Any CPU.Build.0 = Release|Any CPU
		{A4926B4E-F30A-4399-95AF-73CCA0DEF89F}.Release|x64.ActiveCfg = Release|Any CPU
		{A4926B4E-F30A-4399-95AF-73CCA0DEF89F}.Release|x64.Build.0 = Release|Any CPU
		{A4926B4E-F30A-4399-95AF-73CCA0DEF89F}.Release|x86.ActiveCfg = Release|Any CPU
		{A4926B4E-F30A-4399-95AF-73CCA0DEF89F}.Release|x86.Build.0 = Release|Any CPU
		{3C0D627D-DB1C-409F-BC2E-66EA6BFFA77B}.Debug|Any CPU.ActiveCfg = Debug|Any CPU
		{3C0D627D-DB1C-409F-BC2E-66EA6BFFA77B}.Debug|Any CPU.Build.0 = Debug|Any CPU
		{3C0D627D-DB1C-409F-BC2E-66EA6BFFA77B}.Debug|x64.ActiveCfg = Debug|Any CPU
		{3C0D627D-DB1C-409F-BC2E-66EA6BFFA77B}.Debug|x64.Build.0 = Debug|Any CPU
		{3C0D627D-DB1C-409F-BC2E-66EA6BFFA77B}.Debug|x86.ActiveCfg = Debug|Any CPU
		{3C0D627D-DB1C-409F-BC2E-66EA6BFFA77B}.Debug|x86.Build.0 = Debug|Any CPU
		{3C0D627D-DB1C-409F-BC2E-66EA6BFFA77B}.Release|Any CPU.ActiveCfg = Release|Any CPU
		{3C0D627D-DB1C-409F-BC2E-66EA6BFFA77B}.Release|Any CPU.Build.0 = Release|Any CPU
		{3C0D627D-DB1C-409F-BC2E-66EA6BFFA77B}.Release|x64.ActiveCfg = Release|Any CPU
		{3C0D627D-DB1C-409F-BC2E-66EA6BFFA77B}.Release|x64.Build.0 = Release|Any CPU
		{3C0D627D-DB1C-409F-BC2E-66EA6BFFA77B}.Release|x86.ActiveCfg = Release|Any CPU
		{3C0D627D-DB1C-409F-BC2E-66EA6BFFA77B}.Release|x86.Build.0 = Release|Any CPU
		{921A20B2-C33F-4DBD-B6ED-D3F8FA0CAC56}.Debug|Any CPU.ActiveCfg = Debug|Any CPU
		{921A20B2-C33F-4DBD-B6ED-D3F8FA0CAC56}.Debug|Any CPU.Build.0 = Debug|Any CPU
		{921A20B2-C33F-4DBD-B6ED-D3F8FA0CAC56}.Debug|x64.ActiveCfg = Debug|Any CPU
		{921A20B2-C33F-4DBD-B6ED-D3F8FA0CAC56}.Debug|x64.Build.0 = Debug|Any CPU
		{921A20B2-C33F-4DBD-B6ED-D3F8FA0CAC56}.Debug|x86.ActiveCfg = Debug|Any CPU
		{921A20B2-C33F-4DBD-B6ED-D3F8FA0CAC56}.Debug|x86.Build.0 = Debug|Any CPU
		{921A20B2-C33F-4DBD-B6ED-D3F8FA0CAC56}.Release|Any CPU.ActiveCfg = Release|Any CPU
		{921A20B2-C33F-4DBD-B6ED-D3F8FA0CAC56}.Release|Any CPU.Build.0 = Release|Any CPU
		{921A20B2-C33F-4DBD-B6ED-D3F8FA0CAC56}.Release|x64.ActiveCfg = Release|Any CPU
		{921A20B2-C33F-4DBD-B6ED-D3F8FA0CAC56}.Release|x64.Build.0 = Release|Any CPU
		{921A20B2-C33F-4DBD-B6ED-D3F8FA0CAC56}.Release|x86.ActiveCfg = Release|Any CPU
		{921A20B2-C33F-4DBD-B6ED-D3F8FA0CAC56}.Release|x86.Build.0 = Release|Any CPU
		{AC4EE6AB-AA0B-4191-9DD8-D5E42A11B5C9}.Debug|Any CPU.ActiveCfg = Debug|Any CPU
		{AC4EE6AB-AA0B-4191-9DD8-D5E42A11B5C9}.Debug|Any CPU.Build.0 = Debug|Any CPU
		{AC4EE6AB-AA0B-4191-9DD8-D5E42A11B5C9}.Debug|x64.ActiveCfg = Debug|Any CPU
		{AC4EE6AB-AA0B-4191-9DD8-D5E42A11B5C9}.Debug|x64.Build.0 = Debug|Any CPU
		{AC4EE6AB-AA0B-4191-9DD8-D5E42A11B5C9}.Debug|x86.ActiveCfg = Debug|Any CPU
		{AC4EE6AB-AA0B-4191-9DD8-D5E42A11B5C9}.Debug|x86.Build.0 = Debug|Any CPU
		{AC4EE6AB-AA0B-4191-9DD8-D5E42A11B5C9}.Release|Any CPU.ActiveCfg = Release|Any CPU
		{AC4EE6AB-AA0B-4191-9DD8-D5E42A11B5C9}.Release|Any CPU.Build.0 = Release|Any CPU
		{AC4EE6AB-AA0B-4191-9DD8-D5E42A11B5C9}.Release|x64.ActiveCfg = Release|Any CPU
		{AC4EE6AB-AA0B-4191-9DD8-D5E42A11B5C9}.Release|x64.Build.0 = Release|Any CPU
		{AC4EE6AB-AA0B-4191-9DD8-D5E42A11B5C9}.Release|x86.ActiveCfg = Release|Any CPU
		{AC4EE6AB-AA0B-4191-9DD8-D5E42A11B5C9}.Release|x86.Build.0 = Release|Any CPU
		{E97B5841-9CF0-4432-B797-B9E6F71A2FA8}.Debug|Any CPU.ActiveCfg = Debug|Any CPU
		{E97B5841-9CF0-4432-B797-B9E6F71A2FA8}.Debug|Any CPU.Build.0 = Debug|Any CPU
		{E97B5841-9CF0-4432-B797-B9E6F71A2FA8}.Debug|x64.ActiveCfg = Debug|Any CPU
		{E97B5841-9CF0-4432-B797-B9E6F71A2FA8}.Debug|x64.Build.0 = Debug|Any CPU
		{E97B5841-9CF0-4432-B797-B9E6F71A2FA8}.Debug|x86.ActiveCfg = Debug|Any CPU
		{E97B5841-9CF0-4432-B797-B9E6F71A2FA8}.Debug|x86.Build.0 = Debug|Any CPU
		{E97B5841-9CF0-4432-B797-B9E6F71A2FA8}.Release|Any CPU.ActiveCfg = Release|Any CPU
		{E97B5841-9CF0-4432-B797-B9E6F71A2FA8}.Release|Any CPU.Build.0 = Release|Any CPU
		{E97B5841-9CF0-4432-B797-B9E6F71A2FA8}.Release|x64.ActiveCfg = Release|Any CPU
		{E97B5841-9CF0-4432-B797-B9E6F71A2FA8}.Release|x64.Build.0 = Release|Any CPU
		{E97B5841-9CF0-4432-B797-B9E6F71A2FA8}.Release|x86.ActiveCfg = Release|Any CPU
		{E97B5841-9CF0-4432-B797-B9E6F71A2FA8}.Release|x86.Build.0 = Release|Any CPU
		{8E2C9224-D5C1-4384-9C00-74B87F46A7E6}.Debug|Any CPU.ActiveCfg = Debug|Any CPU
		{8E2C9224-D5C1-4384-9C00-74B87F46A7E6}.Debug|Any CPU.Build.0 = Debug|Any CPU
		{8E2C9224-D5C1-4384-9C00-74B87F46A7E6}.Debug|x64.ActiveCfg = Debug|Any CPU
		{8E2C9224-D5C1-4384-9C00-74B87F46A7E6}.Debug|x64.Build.0 = Debug|Any CPU
		{8E2C9224-D5C1-4384-9C00-74B87F46A7E6}.Debug|x86.ActiveCfg = Debug|Any CPU
		{8E2C9224-D5C1-4384-9C00-74B87F46A7E6}.Debug|x86.Build.0 = Debug|Any CPU
		{8E2C9224-D5C1-4384-9C00-74B87F46A7E6}.Release|Any CPU.ActiveCfg = Release|Any CPU
		{8E2C9224-D5C1-4384-9C00-74B87F46A7E6}.Release|Any CPU.Build.0 = Release|Any CPU
		{8E2C9224-D5C1-4384-9C00-74B87F46A7E6}.Release|x64.ActiveCfg = Release|Any CPU
		{8E2C9224-D5C1-4384-9C00-74B87F46A7E6}.Release|x64.Build.0 = Release|Any CPU
		{8E2C9224-D5C1-4384-9C00-74B87F46A7E6}.Release|x86.ActiveCfg = Release|Any CPU
		{8E2C9224-D5C1-4384-9C00-74B87F46A7E6}.Release|x86.Build.0 = Release|Any CPU
	EndGlobalSection
	GlobalSection(SolutionProperties) = preSolution
		HideSolutionNode = FALSE
	EndGlobalSection
	GlobalSection(NestedProjects) = preSolution
		{0CE458ED-CFE6-4662-B69E-3B8E62B623DD} = {AC00D9D0-5872-4B45-BFE8-0C66DA72B895}
		{04A51DD8-954E-481C-A6B2-4BD47A48562B} = {AC00D9D0-5872-4B45-BFE8-0C66DA72B895}
		{B6F963DB-52B9-49E4-9344-25640DEA9F66} = {AC00D9D0-5872-4B45-BFE8-0C66DA72B895}
		{9B0348A4-E5F6-44CE-A6AC-1ADA87E27673} = {B6F963DB-52B9-49E4-9344-25640DEA9F66}
		{F2C8A42B-8A99-4B31-8B79-685C4371C6A5} = {B6F963DB-52B9-49E4-9344-25640DEA9F66}
		{2EDEF8CC-465B-4ACC-BAEA-01A0978A5580} = {B6F963DB-52B9-49E4-9344-25640DEA9F66}
		{CB223019-3391-4BAD-935A-21E1FFA6302D} = {B6F963DB-52B9-49E4-9344-25640DEA9F66}
		{9AC69DCC-6CD9-4A31-A9CC-9C64F7BC6BE6} = {5BDBFD67-6DBF-4248-8DFC-4F6B27F39DB2}
		{D3B2F898-308A-40C9-A0E5-C2DD5FA5E9B7} = {5BDBFD67-6DBF-4248-8DFC-4F6B27F39DB2}
		{5DDCF847-301A-4A68-8572-D2F4EBBE7972} = {97B4AC1C-2B73-4468-885E-42A50FEF5219}
		{8F95D246-ABE5-4174-8AD8-B53298CBBF8B} = {97B4AC1C-2B73-4468-885E-42A50FEF5219}
		{DD366B5E-E8B1-4190-9606-7E2C80A724B1} = {AC00D9D0-5872-4B45-BFE8-0C66DA72B895}
		{47D94887-B9F0-4F33-B198-924ABD2D77C4} = {5BDBFD67-6DBF-4248-8DFC-4F6B27F39DB2}
		{317F212E-C4D2-4C0E-9A51-948FB421F776} = {5BDBFD67-6DBF-4248-8DFC-4F6B27F39DB2}
		{A4926B4E-F30A-4399-95AF-73CCA0DEF89F} = {B36A84DF-456D-A817-6EDD-3EC3E7F6E11F}
		{3C0D627D-DB1C-409F-BC2E-66EA6BFFA77B} = {B36A84DF-456D-A817-6EDD-3EC3E7F6E11F}
		{921A20B2-C33F-4DBD-B6ED-D3F8FA0CAC56} = {B36A84DF-456D-A817-6EDD-3EC3E7F6E11F}
		{AC4EE6AB-AA0B-4191-9DD8-D5E42A11B5C9} = {B36A84DF-456D-A817-6EDD-3EC3E7F6E11F}
		{E97B5841-9CF0-4432-B797-B9E6F71A2FA8} = {B36A84DF-456D-A817-6EDD-3EC3E7F6E11F}
		{8E2C9224-D5C1-4384-9C00-74B87F46A7E6} = {B36A84DF-456D-A817-6EDD-3EC3E7F6E11F}
		{1241BB1B-3960-7FD8-FCBE-51099D807ED6} = {AC00D9D0-5872-4B45-BFE8-0C66DA72B895}
		{C4021C6B-727A-FD1D-B832-AFC6F1B1817C} = {AC00D9D0-5872-4B45-BFE8-0C66DA72B895}
		{8A41C6D8-B1FE-8D72-0320-FFE571EFE88B} = {B6F963DB-52B9-49E4-9344-25640DEA9F66}
		{706E5589-82BA-6B0E-B939-BC50A46F673A} = {B6F963DB-52B9-49E4-9344-25640DEA9F66}
	EndGlobalSection
EndGlobal
