
Microsoft Visual Studio Solution File, Format Version 12.00
# Visual Studio Version 17
VisualStudioVersion = 17.0.31903.59
MinimumVisualStudioVersion = 10.0.40219.1
Project("{2150E333-8FDC-42A3-9474-1A3956D46DE8}") = "src", "src", "{AC00D9D0-5872-4B45-BFE8-0C66DA72B895}"
EndProject
Project("{FAE04EC0-301F-11D3-BF4B-00C04F79EFBC}") = "CalloraVoipSdk.Core", "src\Core\CalloraVoipSdk.Core.csproj", "{0CE458ED-CFE6-4662-B69E-3B8E62B623DD}"
EndProject
Project("{FAE04EC0-301F-11D3-BF4B-00C04F79EFBC}") = "CalloraVoipSdk.Client", "src\Client\CalloraVoipSdk.Client.csproj", "{04A51DD8-954E-481C-A6B2-4BD47A48562B}"
EndProject
Project("{2150E333-8FDC-42A3-9474-1A3956D46DE8}") = "Audio", "Audio", "{B6F963DB-52B9-49E4-9344-25640DEA9F66}"
EndProject
Project("{FAE04EC0-301F-11D3-BF4B-00C04F79EFBC}") = "CalloraVoipSdk.Audio.Abstractions", "src\Audio\Abstractions\CalloraVoipSdk.Audio.Abstractions.csproj", "{9B0348A4-E5F6-44CE-A6AC-1ADA87E27673}"
EndProject
Project("{FAE04EC0-301F-11D3-BF4B-00C04F79EFBC}") = "CalloraVoipSdk.Audio.Headless", "src\Audio\Headless\CalloraVoipSdk.Audio.Headless.csproj", "{F2C8A42B-8A99-4B31-8B79-685C4371C6A5}"
EndProject
Project("{FAE04EC0-301F-11D3-BF4B-00C04F79EFBC}") = "CalloraVoipSdk.Audio.Linux", "src\Audio\Linux\CalloraVoipSdk.Audio.Linux.csproj", "{2EDEF8CC-465B-4ACC-BAEA-01A0978A5580}"
EndProject
Project("{FAE04EC0-301F-11D3-BF4B-00C04F79EFBC}") = "CalloraVoipSdk.Audio.Windows", "src\Audio\Windows\CalloraVoipSdk.Audio.Windows.csproj", "{CB223019-3391-4BAD-935A-21E1FFA6302D}"
EndProject
Project("{2150E333-8FDC-42A3-9474-1A3956D46DE8}") = "tests", "tests", "{5BDBFD67-6DBF-4248-8DFC-4F6B27F39DB2}"
EndProject
Project("{FAE04EC0-301F-11D3-BF4B-00C04F79EFBC}") = "CalloraVoipSdk.Audio.Tests", "tests\CalloraVoipSdk.Audio.Tests\CalloraVoipSdk.Audio.Tests.csproj", "{9AC69DCC-6CD9-4A31-A9CC-9C64F7BC6BE6}"
EndProject
Project("{FAE04EC0-301F-11D3-BF4B-00C04F79EFBC}") = "CalloraVoipSdk.Core.IntegrationTests", "tests\CalloraVoipSdk.Core.IntegrationTests\CalloraVoipSdk.Core.IntegrationTests.csproj", "{D3B2F898-308A-40C9-A0E5-C2DD5FA5E9B7}"
EndProject
Project("{2150E333-8FDC-42A3-9474-1A3956D46DE8}") = "perf", "perf", "{97B4AC1C-2B73-4468-885E-42A50FEF5219}"
EndProject
Project("{FAE04EC0-301F-11D3-BF4B-00C04F79EFBC}") = "CalloraVoipSdk.Core.Performance", "perf\CalloraVoipSdk.Core.Performance\CalloraVoipSdk.Core.Performance.csproj", "{5DDCF847-301A-4A68-8572-D2F4EBBE7972}"
EndProject
Project("{FAE04EC0-301F-11D3-BF4B-00C04F79EFBC}") = "CalloraVoipSdk.Media.Performance", "perf\CalloraVoipSdk.Media.Performance\CalloraVoipSdk.Media.Performance.csproj", "{8F95D246-ABE5-4174-8AD8-B53298CBBF8B}"
EndProject
Global
	GlobalSection(SolutionConfigurationPlatforms) = preSolution
		Debug|Any CPU = Debug|Any CPU
		Release|Any CPU = Release|Any CPU
	EndGlobalSection
	GlobalSection(SolutionProperties) = preSolution
		HideSolutionNode = FALSE
	EndGlobalSection
	GlobalSection(ProjectConfigurationPlatforms) = postSolution
		{0CE458ED-CFE6-4662-B69E-3B8E62B623DD}.Debug|Any CPU.ActiveCfg = Debug|Any CPU
		{0CE458ED-CFE6-4662-B69E-3B8E62B623DD}.Debug|Any CPU.Build.0 = Debug|Any CPU
		{0CE458ED-CFE6-4662-B69E-3B8E62B623DD}.Release|Any CPU.ActiveCfg = Release|Any CPU
		{0CE458ED-CFE6-4662-B69E-3B8E62B623DD}.Release|Any CPU.Build.0 = Release|Any CPU
		{04A51DD8-954E-481C-A6B2-4BD47A48562B}.Debug|Any CPU.ActiveCfg = Debug|Any CPU
		{04A51DD8-954E-481C-A6B2-4BD47A48562B}.Debug|Any CPU.Build.0 = Debug|Any CPU
		{04A51DD8-954E-481C-A6B2-4BD47A48562B}.Release|Any CPU.ActiveCfg = Release|Any CPU
		{04A51DD8-954E-481C-A6B2-4BD47A48562B}.Release|Any CPU.Build.0 = Release|Any CPU
		{9B0348A4-E5F6-44CE-A6AC-1ADA87E27673}.Debug|Any CPU.ActiveCfg = Debug|Any CPU
		{9B0348A4-E5F6-44CE-A6AC-1ADA87E27673}.Debug|Any CPU.Build.0 = Debug|Any CPU
		{9B0348A4-E5F6-44CE-A6AC-1ADA87E27673}.Release|Any CPU.ActiveCfg = Release|Any CPU
		{9B0348A4-E5F6-44CE-A6AC-1ADA87E27673}.Release|Any CPU.Build.0 = Release|Any CPU
		{F2C8A42B-8A99-4B31-8B79-685C4371C6A5}.Debug|Any CPU.ActiveCfg = Debug|Any CPU
		{F2C8A42B-8A99-4B31-8B79-685C4371C6A5}.Debug|Any CPU.Build.0 = Debug|Any CPU
		{F2C8A42B-8A99-4B31-8B79-685C4371C6A5}.Release|Any CPU.ActiveCfg = Release|Any CPU
		{F2C8A42B-8A99-4B31-8B79-685C4371C6A5}.Release|Any CPU.Build.0 = Release|Any CPU
		{2EDEF8CC-465B-4ACC-BAEA-01A0978A5580}.Debug|Any CPU.ActiveCfg = Debug|Any CPU
		{2EDEF8CC-465B-4ACC-BAEA-01A0978A5580}.Debug|Any CPU.Build.0 = Debug|Any CPU
		{2EDEF8CC-465B-4ACC-BAEA-01A0978A5580}.Release|Any CPU.ActiveCfg = Release|Any CPU
		{2EDEF8CC-465B-4ACC-BAEA-01A0978A5580}.Release|Any CPU.Build.0 = Release|Any CPU
		{CB223019-3391-4BAD-935A-21E1FFA6302D}.Debug|Any CPU.ActiveCfg = Debug|Any CPU
		{CB223019-3391-4BAD-935A-21E1FFA6302D}.Debug|Any CPU.Build.0 = Debug|Any CPU
		{CB223019-3391-4BAD-935A-21E1FFA6302D}.Release|Any CPU.ActiveCfg = Release|Any CPU
		{CB223019-3391-4BAD-935A-21E1FFA6302D}.Release|Any CPU.Build.0 = Release|Any CPU
		{9AC69DCC-6CD9-4A31-A9CC-9C64F7BC6BE6}.Debug|Any CPU.ActiveCfg = Debug|Any CPU
		{9AC69DCC-6CD9-4A31-A9CC-9C64F7BC6BE6}.Debug|Any CPU.Build.0 = Debug|Any CPU
		{9AC69DCC-6CD9-4A31-A9CC-9C64F7BC6BE6}.Release|Any CPU.ActiveCfg = Release|Any CPU
		{9AC69DCC-6CD9-4A31-A9CC-9C64F7BC6BE6}.Release|Any CPU.Build.0 = Release|Any CPU
		{D3B2F898-308A-40C9-A0E5-C2DD5FA5E9B7}.Debug|Any CPU.ActiveCfg = Debug|Any CPU
		{D3B2F898-308A-40C9-A0E5-C2DD5FA5E9B7}.Debug|Any CPU.Build.0 = Debug|Any CPU
		{D3B2F898-308A-40C9-A0E5-C2DD5FA5E9B7}.Release|Any CPU.ActiveCfg = Release|Any CPU
		{D3B2F898-308A-40C9-A0E5-C2DD5FA5E9B7}.Release|Any CPU.Build.0 = Release|Any CPU
		{5DDCF847-301A-4A68-8572-D2F4EBBE7972}.Debug|Any CPU.ActiveCfg = Debug|Any CPU
		{5DDCF847-301A-4A68-8572-D2F4EBBE7972}.Debug|Any CPU.Build.0 = Debug|Any CPU
		{5DDCF847-301A-4A68-8572-D2F4EBBE7972}.Release|Any CPU.ActiveCfg = Release|Any CPU
		{5DDCF847-301A-4A68-8572-D2F4EBBE7972}.Release|Any CPU.Build.0 = Release|Any CPU
		{8F95D246-ABE5-4174-8AD8-B53298CBBF8B}.Debug|Any CPU.ActiveCfg = Debug|Any CPU
		{8F95D246-ABE5-4174-8AD8-B53298CBBF8B}.Debug|Any CPU.Build.0 = Debug|Any CPU
		{8F95D246-ABE5-4174-8AD8-B53298CBBF8B}.Release|Any CPU.ActiveCfg = Release|Any CPU
		{8F95D246-ABE5-4174-8AD8-B53298CBBF8B}.Release|Any CPU.Build.0 = Release|Any CPU
	EndGlobalSection
	GlobalSection(NestedProjects) = preSolution
		{0CE458ED-CFE6-4662-B69E-3B8E62B623DD} = {AC00D9D0-5872-4B45-BFE8-0C66DA72B895}
		{04A51DD8-954E-481C-A6B2-4BD47A48562B} = {AC00D9D0-5872-4B45-BFE8-0C66DA72B895}
		{B6F963DB-52B9-49E4-9344-25640DEA9F66} = {AC00D9D0-5872-4B45-BFE8-0C66DA72B895}
		{9B0348A4-E5F6-44CE-A6AC-1ADA87E27673} = {B6F963DB-52B9-49E4-9344-25640DEA9F66}
		{F2C8A42B-8A99-4B31-8B79-685C4371C6A5} = {B6F963DB-52B9-49E4-9344-25640DEA9F66}
		{2EDEF8CC-465B-4ACC-BAEA-01A0978A5580} = {B6F963DB-52B9-49E4-9344-25640DEA9F66}
		{CB223019-3391-4BAD-935A-21E1FFA6302D} = {B6F963DB-52B9-49E4-9344-25640DEA9F66}
		{9AC69DCC-6CD9-4A31-A9CC-9C64F7BC6BE6} = {5BDBFD67-6DBF-4248-8DFC-4F6B27F39DB2}
		{D3B2F898-308A-40C9-A0E5-C2DD5FA5E9B7} = {5BDBFD67-6DBF-4248-8DFC-4F6B27F39DB2}
		{31BEA1E3-5072-4711-8776-6613F9370618} = {440727ED-8DC9-4966-9D0D-7C1934CA41BB}
		{5DDCF847-301A-4A68-8572-D2F4EBBE7972} = {97B4AC1C-2B73-4468-885E-42A50FEF5219}
		{8F95D246-ABE5-4174-8AD8-B53298CBBF8B} = {97B4AC1C-2B73-4468-885E-42A50FEF5219}
	EndGlobalSection
EndGlobal
